
Microsoft Visual Studio Solution File, Format Version 12.00
# Visual Studio Version 17
VisualStudioVersion = 17.12.35527.113
MinimumVisualStudioVersion = 10.0.40219.1
Project("{8BC9CEB8-8B4A-11D0-8D11-00A0C91BC942}") = "Discord+zapret Exec", "Discord+zapret Exec\Discord+zapret Exec.vcxproj", "{463CC42A-D89F-4E99-8B60-9A9583ACA9FC}"
EndProject
Project("{FAE04EC0-301F-11D3-BF4B-00C04F79EFBC}") = "GUI Variance", "PForm path fill\GUI Variance.csproj", "{CEE02094-1FBD-4EFB-912A-7B1E896AB7AE}"
EndProject
Global
	GlobalSection(SolutionConfigurationPlatforms) = preSolution
		Debug|Any CPU = Debug|Any CPU
		Debug|x64 = Debug|x64
		Debug|x86 = Debug|x86
		Release|Any CPU = Release|Any CPU
		Release|x64 = Release|x64
		Release|x86 = Release|x86
	EndGlobalSection
	GlobalSection(ProjectConfigurationPlatforms) = postSolution
		{463CC42A-D89F-4E99-8B60-9A9583ACA9FC}.Debug|Any CPU.ActiveCfg = Debug|x64
		{463CC42A-D89F-4E99-8B60-9A9583ACA9FC}.Debug|Any CPU.Build.0 = Debug|x64
		{463CC42A-D89F-4E99-8B60-9A9583ACA9FC}.Debug|x64.ActiveCfg = Debug|x64
		{463CC42A-D89F-4E99-8B60-9A9583ACA9FC}.Debug|x64.Build.0 = Debug|x64
		{463CC42A-D89F-4E99-8B60-9A9583ACA9FC}.Debug|x86.ActiveCfg = Debug|Win32
		{463CC42A-D89F-4E99-8B60-9A9583ACA9FC}.Debug|x86.Build.0 = Debug|Win32
		{463CC42A-D89F-4E99-8B60-9A9583ACA9FC}.Release|Any CPU.ActiveCfg = Release|x64
		{463CC42A-D89F-4E99-8B60-9A9583ACA9FC}.Release|Any CPU.Build.0 = Release|x64
		{463CC42A-D89F-4E99-8B60-9A9583ACA9FC}.Release|x64.ActiveCfg = Release|x64
		{463CC42A-D89F-4E99-8B60-9A9583ACA9FC}.Release|x64.Build.0 = Release|x64
		{463CC42A-D89F-4E99-8B60-9A9583ACA9FC}.Release|x86.ActiveCfg = Release|Win32
		{463CC42A-D89F-4E99-8B60-9A9583ACA9FC}.Release|x86.Build.0 = Release|Win32
		{CEE02094-1FBD-4EFB-912A-7B1E896AB7AE}.Debug|Any CPU.ActiveCfg = Debug|Any CPU
		{CEE02094-1FBD-4EFB-912A-7B1E896AB7AE}.Debug|Any CPU.Build.0 = Debug|Any CPU
		{CEE02094-1FBD-4EFB-912A-7B1E896AB7AE}.Debug|x64.ActiveCfg = Debug|Any CPU
		{CEE02094-1FBD-4EFB-912A-7B1E896AB7AE}.Debug|x64.Build.0 = Debug|Any CPU
		{CEE02094-1FBD-4EFB-912A-7B1E896AB7AE}.Debug|x86.ActiveCfg = Debug|Any CPU
		{CEE02094-1FBD-4EFB-912A-7B1E896AB7AE}.Debug|x86.Build.0 = Debug|Any CPU
		{CEE02094-1FBD-4EFB-912A-7B1E896AB7AE}.Release|Any CPU.ActiveCfg = Release|Any CPU
		{CEE02094-1FBD-4EFB-912A-7B1E896AB7AE}.Release|Any CPU.Build.0 = Release|Any CPU
		{CEE02094-1FBD-4EFB-912A-7B1E896AB7AE}.Release|x64.ActiveCfg = Release|Any CPU
		{CEE02094-1FBD-4EFB-912A-7B1E896AB7AE}.Release|x64.Build.0 = Release|Any CPU
		{CEE02094-1FBD-4EFB-912A-7B1E896AB7AE}.Release|x86.ActiveCfg = Release|Any CPU
		{CEE02094-1FBD-4EFB-912A-7B1E896AB7AE}.Release|x86.Build.0 = Release|Any CPU
	EndGlobalSection
	GlobalSection(SolutionProperties) = preSolution
		HideSolutionNode = FALSE
	EndGlobalSection
EndGlobal
